// !$*UTF8*$!
{
	archiveVersion = 1;
	classes = {
	};
	objectVersion = 51;
	objects = {

/* Begin PBXBuildFile section */
		35789E566AC84E1E4F13163E /* Pods_YouTubeTests.framework in Frameworks */ = {isa = PBXBuildFile; fileRef = 3394E72C6A2C621EEF94A93C /* Pods_YouTubeTests.framework */; };
		7D33EFCAE880C7B55E002A68 /* Pods_YouTubeUITests.framework in Frameworks */ = {isa = PBXBuildFile; fileRef = 6AD8A0BFCA7FD7453909A399 /* Pods_YouTubeUITests.framework */; };
		B505B5C02488C89E00628BE6 /* CommentListCell.swift in Sources */ = {isa = PBXBuildFile; fileRef = B505B5BF2488C89E00628BE6 /* CommentListCell.swift */; };
		B505B5C22488C8CD00628BE6 /* CommentListViewController.swift in Sources */ = {isa = PBXBuildFile; fileRef = B505B5C12488C8CD00628BE6 /* CommentListViewController.swift */; };
		B53E1A3E2473BAAD004BBED2 /* AppDelegate.swift in Sources */ = {isa = PBXBuildFile; fileRef = B53E1A3D2473BAAD004BBED2 /* AppDelegate.swift */; };
		B53E1A422473BAAD004BBED2 /* ViewController.swift in Sources */ = {isa = PBXBuildFile; fileRef = B53E1A412473BAAD004BBED2 /* ViewController.swift */; };
		B53E1A452473BAAD004BBED2 /* Main.storyboard in Resources */ = {isa = PBXBuildFile; fileRef = B53E1A432473BAAD004BBED2 /* Main.storyboard */; };
		B53E1A472473BAAF004BBED2 /* Assets.xcassets in Resources */ = {isa = PBXBuildFile; fileRef = B53E1A462473BAAF004BBED2 /* Assets.xcassets */; };
		B53E1A4A2473BAAF004BBED2 /* LaunchScreen.storyboard in Resources */ = {isa = PBXBuildFile; fileRef = B53E1A482473BAAF004BBED2 /* LaunchScreen.storyboard */; };
		B53E1A552473BAB0004BBED2 /* YouTubeTests.swift in Sources */ = {isa = PBXBuildFile; fileRef = B53E1A542473BAB0004BBED2 /* YouTubeTests.swift */; };
		B53E1A602473BAB0004BBED2 /* YouTubeUITests.swift in Sources */ = {isa = PBXBuildFile; fileRef = B53E1A5F2473BAB0004BBED2 /* YouTubeUITests.swift */; };
		B53E1AAA247CB601004BBED2 /* BaseViewController.swift in Sources */ = {isa = PBXBuildFile; fileRef = B53E1AA9247CB601004BBED2 /* BaseViewController.swift */; };
		B53E1AB0247CC521004BBED2 /* TabBarController.swift in Sources */ = {isa = PBXBuildFile; fileRef = B53E1AAE247CC521004BBED2 /* TabBarController.swift */; };
		B53E1AB9247CC623004BBED2 /* HomeViewController.swift in Sources */ = {isa = PBXBuildFile; fileRef = B53E1AB2247CC623004BBED2 /* HomeViewController.swift */; };
		B53E1ABA247CC623004BBED2 /* SubscriptionsViewController.swift in Sources */ = {isa = PBXBuildFile; fileRef = B53E1AB4247CC623004BBED2 /* SubscriptionsViewController.swift */; };
		B53E1ABB247CC623004BBED2 /* TrendingViewController.swift in Sources */ = {isa = PBXBuildFile; fileRef = B53E1AB6247CC623004BBED2 /* TrendingViewController.swift */; };
		B53E1ABC247CC623004BBED2 /* AccountViewController.swift in Sources */ = {isa = PBXBuildFile; fileRef = B53E1AB8247CC623004BBED2 /* AccountViewController.swift */; };
		B53E1ABF247CC764004BBED2 /* AccountHeaderView.swift in Sources */ = {isa = PBXBuildFile; fileRef = B53E1ABE247CC764004BBED2 /* AccountHeaderView.swift */; };
		B53E1AC1247CE83C004BBED2 /* AccountCell.swift in Sources */ = {isa = PBXBuildFile; fileRef = B53E1AC0247CE83C004BBED2 /* AccountCell.swift */; };
		B53E1AC4247CF827004BBED2 /* AccountInfo.swift in Sources */ = {isa = PBXBuildFile; fileRef = B53E1AC3247CF827004BBED2 /* AccountInfo.swift */; };
		B53E1AC6247D14C6004BBED2 /* AccountVedioInfoCell.swift in Sources */ = {isa = PBXBuildFile; fileRef = B53E1AC5247D14C6004BBED2 /* AccountVedioInfoCell.swift */; };
		B53E1AC9247D2450004BBED2 /* VedioCell.swift in Sources */ = {isa = PBXBuildFile; fileRef = B53E1AC8247D2450004BBED2 /* VedioCell.swift */; };
		B53E1ACB247D2DC0004BBED2 /* VedioDetailController.swift in Sources */ = {isa = PBXBuildFile; fileRef = B53E1ACA247D2DC0004BBED2 /* VedioDetailController.swift */; };
		B56623B5247FA94100B7F2DD /* BaseNavigationController.swift in Sources */ = {isa = PBXBuildFile; fileRef = B56623B4247FA94100B7F2DD /* BaseNavigationController.swift */; };
		B56623E0247FB5EA00B7F2DD /* YTBManager.swift in Sources */ = {isa = PBXBuildFile; fileRef = B56623DF247FB5EA00B7F2DD /* YTBManager.swift */; };
		B56623E2247FB5F900B7F2DD /* ModelManager.swift in Sources */ = {isa = PBXBuildFile; fileRef = B56623E1247FB5F900B7F2DD /* ModelManager.swift */; };
		B56623E4247FB60A00B7F2DD /* HttpClient.swift in Sources */ = {isa = PBXBuildFile; fileRef = B56623E3247FB60A00B7F2DD /* HttpClient.swift */; };
		B56623E82480A96400B7F2DD /* Util.swift in Sources */ = {isa = PBXBuildFile; fileRef = B56623E72480A96400B7F2DD /* Util.swift */; };
		B56623EA2480F64F00B7F2DD /* YTBDefine.swift in Sources */ = {isa = PBXBuildFile; fileRef = B56623E92480F64F00B7F2DD /* YTBDefine.swift */; };
		B56623EC2480FCA300B7F2DD /* ArticleData.swift in Sources */ = {isa = PBXBuildFile; fileRef = B56623EB2480FCA300B7F2DD /* ArticleData.swift */; };
		B58A522C247FA5960072F589 /* BasicContentView.swift in Sources */ = {isa = PBXBuildFile; fileRef = B58A522A247FA5960072F589 /* BasicContentView.swift */; };
		B58A522D247FA5960072F589 /* BouncesContentView.swift in Sources */ = {isa = PBXBuildFile; fileRef = B58A522B247FA5960072F589 /* BouncesContentView.swift */; };
		B5AD5DBF2486252800FF1B67 /* HostReach.swift in Sources */ = {isa = PBXBuildFile; fileRef = B5AD5DBE2486252800FF1B67 /* HostReach.swift */; };
		B5AD5DC12486291600FF1B67 /* SystemConfiguration.framework in Frameworks */ = {isa = PBXBuildFile; fileRef = B5AD5DC02486291600FF1B67 /* SystemConfiguration.framework */; };
		B5AD5DC52486347A00FF1B67 /* ArticleModel.swift in Sources */ = {isa = PBXBuildFile; fileRef = B5AD5DC42486347A00FF1B67 /* ArticleModel.swift */; };
		B5AD5DC724864F5000FF1B67 /* Constant.swift in Sources */ = {isa = PBXBuildFile; fileRef = B5AD5DC624864F5000FF1B67 /* Constant.swift */; };
		B5AD5DCB248774A600FF1B67 /* TrendingDetailViewController.swift in Sources */ = {isa = PBXBuildFile; fileRef = B5AD5DCA248774A600FF1B67 /* TrendingDetailViewController.swift */; };
		B5CE7FBE247E1589001F1205 /* SubscripHeaderView.swift in Sources */ = {isa = PBXBuildFile; fileRef = B5CE7FBD247E1589001F1205 /* SubscripHeaderView.swift */; };
		B5CE80AC247E61DE001F1205 /* VedioDetailHeaderView.swift in Sources */ = {isa = PBXBuildFile; fileRef = B5CE80AB247E61DE001F1205 /* VedioDetailHeaderView.swift */; };
		B5CE80AE247E63B3001F1205 /* VedioData.swift in Sources */ = {isa = PBXBuildFile; fileRef = B5CE80AD247E63B3001F1205 /* VedioData.swift */; };
		B5CE80B0247E65ED001F1205 /* RecomandVedioCell.swift in Sources */ = {isa = PBXBuildFile; fileRef = B5CE80AF247E65ED001F1205 /* RecomandVedioCell.swift */; };
		B5CE80CC247F8F20001F1205 /* ESTabBarItemMoreContentView.swift in Sources */ = {isa = PBXBuildFile; fileRef = B5CE80C5247F8F20001F1205 /* ESTabBarItemMoreContentView.swift */; };
		B5CE80CD247F8F20001F1205 /* ESTabBarController.swift in Sources */ = {isa = PBXBuildFile; fileRef = B5CE80C6247F8F20001F1205 /* ESTabBarController.swift */; };
		B5CE80CE247F8F20001F1205 /* ESTabBarItemContentView.swift in Sources */ = {isa = PBXBuildFile; fileRef = B5CE80C7247F8F20001F1205 /* ESTabBarItemContentView.swift */; };
		B5CE80CF247F8F20001F1205 /* ESTabBarItem.swift in Sources */ = {isa = PBXBuildFile; fileRef = B5CE80C8247F8F20001F1205 /* ESTabBarItem.swift */; };
		B5CE80D0247F8F20001F1205 /* ESTabBarItemBadgeView.swift in Sources */ = {isa = PBXBuildFile; fileRef = B5CE80C9247F8F20001F1205 /* ESTabBarItemBadgeView.swift */; };
		B5CE80D1247F8F20001F1205 /* ESTabBar.swift in Sources */ = {isa = PBXBuildFile; fileRef = B5CE80CA247F8F20001F1205 /* ESTabBar.swift */; };
		B5CE80D2247F8F20001F1205 /* ESTabBarItemContainer.swift in Sources */ = {isa = PBXBuildFile; fileRef = B5CE80CB247F8F20001F1205 /* ESTabBarItemContainer.swift */; };
		B6D531887AB32232C9056337 /* Pods_YouTube.framework in Frameworks */ = {isa = PBXBuildFile; fileRef = DE1232EE24234FC29824D6AF /* Pods_YouTube.framework */; };
/* End PBXBuildFile section */

/* Begin PBXContainerItemProxy section */
		B53E1A512473BAB0004BBED2 /* PBXContainerItemProxy */ = {
			isa = PBXContainerItemProxy;
			containerPortal = B53E1A322473BAAD004BBED2 /* Project object */;
			proxyType = 1;
			remoteGlobalIDString = B53E1A392473BAAD004BBED2;
			remoteInfo = YouTube;
		};
		B53E1A5C2473BAB0004BBED2 /* PBXContainerItemProxy */ = {
			isa = PBXContainerItemProxy;
			containerPortal = B53E1A322473BAAD004BBED2 /* Project object */;
			proxyType = 1;
			remoteGlobalIDString = B53E1A392473BAAD004BBED2;
			remoteInfo = YouTube;
		};
/* End PBXContainerItemProxy section */

/* Begin PBXFileReference section */
		0A42354DA66AB9BB64AA211A /* Pods-YouTubeTests.release.xcconfig */ = {isa = PBXFileReference; includeInIndex = 1; lastKnownFileType = text.xcconfig; name = "Pods-YouTubeTests.release.xcconfig"; path = "Target Support Files/Pods-YouTubeTests/Pods-YouTubeTests.release.xcconfig"; sourceTree = "<group>"; };
		0FFE6E21017B6AEB5F42A049 /* Pods-YouTubeTests.debug.xcconfig */ = {isa = PBXFileReference; includeInIndex = 1; lastKnownFileType = text.xcconfig; name = "Pods-YouTubeTests.debug.xcconfig"; path = "Target Support Files/Pods-YouTubeTests/Pods-YouTubeTests.debug.xcconfig"; sourceTree = "<group>"; };
		3394E72C6A2C621EEF94A93C /* Pods_YouTubeTests.framework */ = {isa = PBXFileReference; explicitFileType = wrapper.framework; includeInIndex = 0; path = Pods_YouTubeTests.framework; sourceTree = BUILT_PRODUCTS_DIR; };
		4F35F7A42C69EDD1702D825D /* Pods-YouTubeUITests.debug.xcconfig */ = {isa = PBXFileReference; includeInIndex = 1; lastKnownFileType = text.xcconfig; name = "Pods-YouTubeUITests.debug.xcconfig"; path = "Target Support Files/Pods-YouTubeUITests/Pods-YouTubeUITests.debug.xcconfig"; sourceTree = "<group>"; };
		6AD8A0BFCA7FD7453909A399 /* Pods_YouTubeUITests.framework */ = {isa = PBXFileReference; explicitFileType = wrapper.framework; includeInIndex = 0; path = Pods_YouTubeUITests.framework; sourceTree = BUILT_PRODUCTS_DIR; };
		6FCE8095CF81E784155431E0 /* Pods-YouTubeUITests.release.xcconfig */ = {isa = PBXFileReference; includeInIndex = 1; lastKnownFileType = text.xcconfig; name = "Pods-YouTubeUITests.release.xcconfig"; path = "Target Support Files/Pods-YouTubeUITests/Pods-YouTubeUITests.release.xcconfig"; sourceTree = "<group>"; };
		72DA37173A7B46FF680A9EF3 /* Pods-YouTube.release.xcconfig */ = {isa = PBXFileReference; includeInIndex = 1; lastKnownFileType = text.xcconfig; name = "Pods-YouTube.release.xcconfig"; path = "Target Support Files/Pods-YouTube/Pods-YouTube.release.xcconfig"; sourceTree = "<group>"; };
		8DFDB97A37989A89D7A3A3C6 /* Pods-YouTube.debug.xcconfig */ = {isa = PBXFileReference; includeInIndex = 1; lastKnownFileType = text.xcconfig; name = "Pods-YouTube.debug.xcconfig"; path = "Target Support Files/Pods-YouTube/Pods-YouTube.debug.xcconfig"; sourceTree = "<group>"; };
		B505B5BF2488C89E00628BE6 /* CommentListCell.swift */ = {isa = PBXFileReference; lastKnownFileType = sourcecode.swift; path = CommentListCell.swift; sourceTree = "<group>"; };
		B505B5C12488C8CD00628BE6 /* CommentListViewController.swift */ = {isa = PBXFileReference; lastKnownFileType = sourcecode.swift; path = CommentListViewController.swift; sourceTree = "<group>"; };
		B53E1A3A2473BAAD004BBED2 /* YouTube.app */ = {isa = PBXFileReference; explicitFileType = wrapper.application; includeInIndex = 0; path = YouTube.app; sourceTree = BUILT_PRODUCTS_DIR; };
		B53E1A3D2473BAAD004BBED2 /* AppDelegate.swift */ = {isa = PBXFileReference; lastKnownFileType = sourcecode.swift; path = AppDelegate.swift; sourceTree = "<group>"; };
		B53E1A412473BAAD004BBED2 /* ViewController.swift */ = {isa = PBXFileReference; lastKnownFileType = sourcecode.swift; path = ViewController.swift; sourceTree = "<group>"; };
		B53E1A442473BAAD004BBED2 /* Base */ = {isa = PBXFileReference; lastKnownFileType = file.storyboard; name = Base; path = Base.lproj/Main.storyboard; sourceTree = "<group>"; };
		B53E1A462473BAAF004BBED2 /* Assets.xcassets */ = {isa = PBXFileReference; lastKnownFileType = folder.assetcatalog; path = Assets.xcassets; sourceTree = "<group>"; };
		B53E1A492473BAAF004BBED2 /* Base */ = {isa = PBXFileReference; lastKnownFileType = file.storyboard; name = Base; path = Base.lproj/LaunchScreen.storyboard; sourceTree = "<group>"; };
		B53E1A4B2473BAAF004BBED2 /* Info.plist */ = {isa = PBXFileReference; lastKnownFileType = text.plist.xml; path = Info.plist; sourceTree = "<group>"; };
		B53E1A502473BAB0004BBED2 /* YouTubeTests.xctest */ = {isa = PBXFileReference; explicitFileType = wrapper.cfbundle; includeInIndex = 0; path = YouTubeTests.xctest; sourceTree = BUILT_PRODUCTS_DIR; };
		B53E1A542473BAB0004BBED2 /* YouTubeTests.swift */ = {isa = PBXFileReference; lastKnownFileType = sourcecode.swift; path = YouTubeTests.swift; sourceTree = "<group>"; };
		B53E1A562473BAB0004BBED2 /* Info.plist */ = {isa = PBXFileReference; lastKnownFileType = text.plist.xml; path = Info.plist; sourceTree = "<group>"; };
		B53E1A5B2473BAB0004BBED2 /* YouTubeUITests.xctest */ = {isa = PBXFileReference; explicitFileType = wrapper.cfbundle; includeInIndex = 0; path = YouTubeUITests.xctest; sourceTree = BUILT_PRODUCTS_DIR; };
		B53E1A5F2473BAB0004BBED2 /* YouTubeUITests.swift */ = {isa = PBXFileReference; lastKnownFileType = sourcecode.swift; path = YouTubeUITests.swift; sourceTree = "<group>"; };
		B53E1A612473BAB0004BBED2 /* Info.plist */ = {isa = PBXFileReference; lastKnownFileType = text.plist.xml; path = Info.plist; sourceTree = "<group>"; };
		B53E1AA9247CB601004BBED2 /* BaseViewController.swift */ = {isa = PBXFileReference; fileEncoding = 4; lastKnownFileType = sourcecode.swift; path = BaseViewController.swift; sourceTree = "<group>"; };
		B53E1AAE247CC521004BBED2 /* TabBarController.swift */ = {isa = PBXFileReference; fileEncoding = 4; lastKnownFileType = sourcecode.swift; path = TabBarController.swift; sourceTree = "<group>"; };
		B53E1AB2247CC623004BBED2 /* HomeViewController.swift */ = {isa = PBXFileReference; fileEncoding = 4; lastKnownFileType = sourcecode.swift; path = HomeViewController.swift; sourceTree = "<group>"; };
		B53E1AB4247CC623004BBED2 /* SubscriptionsViewController.swift */ = {isa = PBXFileReference; fileEncoding = 4; lastKnownFileType = sourcecode.swift; path = SubscriptionsViewController.swift; sourceTree = "<group>"; };
		B53E1AB6247CC623004BBED2 /* TrendingViewController.swift */ = {isa = PBXFileReference; fileEncoding = 4; lastKnownFileType = sourcecode.swift; path = TrendingViewController.swift; sourceTree = "<group>"; };
		B53E1AB8247CC623004BBED2 /* AccountViewController.swift */ = {isa = PBXFileReference; fileEncoding = 4; lastKnownFileType = sourcecode.swift; path = AccountViewController.swift; sourceTree = "<group>"; };
		B53E1ABE247CC764004BBED2 /* AccountHeaderView.swift */ = {isa = PBXFileReference; lastKnownFileType = sourcecode.swift; path = AccountHeaderView.swift; sourceTree = "<group>"; };
		B53E1AC0247CE83C004BBED2 /* AccountCell.swift */ = {isa = PBXFileReference; lastKnownFileType = sourcecode.swift; path = AccountCell.swift; sourceTree = "<group>"; };
		B53E1AC3247CF827004BBED2 /* AccountInfo.swift */ = {isa = PBXFileReference; lastKnownFileType = sourcecode.swift; path = AccountInfo.swift; sourceTree = "<group>"; };
		B53E1AC5247D14C6004BBED2 /* AccountVedioInfoCell.swift */ = {isa = PBXFileReference; lastKnownFileType = sourcecode.swift; path = AccountVedioInfoCell.swift; sourceTree = "<group>"; };
		B53E1AC8247D2450004BBED2 /* VedioCell.swift */ = {isa = PBXFileReference; lastKnownFileType = sourcecode.swift; path = VedioCell.swift; sourceTree = "<group>"; };
		B53E1ACA247D2DC0004BBED2 /* VedioDetailController.swift */ = {isa = PBXFileReference; lastKnownFileType = sourcecode.swift; path = VedioDetailController.swift; sourceTree = "<group>"; };
		B56623B4247FA94100B7F2DD /* BaseNavigationController.swift */ = {isa = PBXFileReference; fileEncoding = 4; lastKnownFileType = sourcecode.swift; path = BaseNavigationController.swift; sourceTree = "<group>"; };
		B56623DF247FB5EA00B7F2DD /* YTBManager.swift */ = {isa = PBXFileReference; lastKnownFileType = sourcecode.swift; path = YTBManager.swift; sourceTree = "<group>"; };
		B56623E1247FB5F900B7F2DD /* ModelManager.swift */ = {isa = PBXFileReference; lastKnownFileType = sourcecode.swift; path = ModelManager.swift; sourceTree = "<group>"; };
		B56623E3247FB60A00B7F2DD /* HttpClient.swift */ = {isa = PBXFileReference; lastKnownFileType = sourcecode.swift; path = HttpClient.swift; sourceTree = "<group>"; };
		B56623E72480A96400B7F2DD /* Util.swift */ = {isa = PBXFileReference; lastKnownFileType = sourcecode.swift; path = Util.swift; sourceTree = "<group>"; };
		B56623E92480F64F00B7F2DD /* YTBDefine.swift */ = {isa = PBXFileReference; lastKnownFileType = sourcecode.swift; path = YTBDefine.swift; sourceTree = "<group>"; };
		B56623EB2480FCA300B7F2DD /* ArticleData.swift */ = {isa = PBXFileReference; lastKnownFileType = sourcecode.swift; path = ArticleData.swift; sourceTree = "<group>"; };
		B58A522A247FA5960072F589 /* BasicContentView.swift */ = {isa = PBXFileReference; fileEncoding = 4; lastKnownFileType = sourcecode.swift; path = BasicContentView.swift; sourceTree = "<group>"; };
		B58A522B247FA5960072F589 /* BouncesContentView.swift */ = {isa = PBXFileReference; fileEncoding = 4; lastKnownFileType = sourcecode.swift; path = BouncesContentView.swift; sourceTree = "<group>"; };
		B5AD5DBE2486252800FF1B67 /* HostReach.swift */ = {isa = PBXFileReference; lastKnownFileType = sourcecode.swift; path = HostReach.swift; sourceTree = "<group>"; };
		B5AD5DC02486291600FF1B67 /* SystemConfiguration.framework */ = {isa = PBXFileReference; lastKnownFileType = wrapper.framework; name = SystemConfiguration.framework; path = System/Library/Frameworks/SystemConfiguration.framework; sourceTree = SDKROOT; };
		B5AD5DC42486347A00FF1B67 /* ArticleModel.swift */ = {isa = PBXFileReference; lastKnownFileType = sourcecode.swift; path = ArticleModel.swift; sourceTree = "<group>"; };
		B5AD5DC624864F5000FF1B67 /* Constant.swift */ = {isa = PBXFileReference; lastKnownFileType = sourcecode.swift; path = Constant.swift; sourceTree = "<group>"; };
		B5AD5DCA248774A600FF1B67 /* TrendingDetailViewController.swift */ = {isa = PBXFileReference; lastKnownFileType = sourcecode.swift; path = TrendingDetailViewController.swift; sourceTree = "<group>"; };
		B5CE7FBD247E1589001F1205 /* SubscripHeaderView.swift */ = {isa = PBXFileReference; lastKnownFileType = sourcecode.swift; path = SubscripHeaderView.swift; sourceTree = "<group>"; };
		B5CE80AB247E61DE001F1205 /* VedioDetailHeaderView.swift */ = {isa = PBXFileReference; lastKnownFileType = sourcecode.swift; path = VedioDetailHeaderView.swift; sourceTree = "<group>"; };
		B5CE80AD247E63B3001F1205 /* VedioData.swift */ = {isa = PBXFileReference; lastKnownFileType = sourcecode.swift; path = VedioData.swift; sourceTree = "<group>"; };
		B5CE80AF247E65ED001F1205 /* RecomandVedioCell.swift */ = {isa = PBXFileReference; lastKnownFileType = sourcecode.swift; path = RecomandVedioCell.swift; sourceTree = "<group>"; };
		B5CE80BC247F65DC001F1205 /* YouTube-Bridging-Header.h */ = {isa = PBXFileReference; lastKnownFileType = sourcecode.c.h; path = "YouTube-Bridging-Header.h"; sourceTree = "<group>"; };
		B5CE80C5247F8F20001F1205 /* ESTabBarItemMoreContentView.swift */ = {isa = PBXFileReference; fileEncoding = 4; lastKnownFileType = sourcecode.swift; path = ESTabBarItemMoreContentView.swift; sourceTree = "<group>"; };
		B5CE80C6247F8F20001F1205 /* ESTabBarController.swift */ = {isa = PBXFileReference; fileEncoding = 4; lastKnownFileType = sourcecode.swift; path = ESTabBarController.swift; sourceTree = "<group>"; };
		B5CE80C7247F8F20001F1205 /* ESTabBarItemContentView.swift */ = {isa = PBXFileReference; fileEncoding = 4; lastKnownFileType = sourcecode.swift; path = ESTabBarItemContentView.swift; sourceTree = "<group>"; };
		B5CE80C8247F8F20001F1205 /* ESTabBarItem.swift */ = {isa = PBXFileReference; fileEncoding = 4; lastKnownFileType = sourcecode.swift; path = ESTabBarItem.swift; sourceTree = "<group>"; };
		B5CE80C9247F8F20001F1205 /* ESTabBarItemBadgeView.swift */ = {isa = PBXFileReference; fileEncoding = 4; lastKnownFileType = sourcecode.swift; path = ESTabBarItemBadgeView.swift; sourceTree = "<group>"; };
		B5CE80CA247F8F20001F1205 /* ESTabBar.swift */ = {isa = PBXFileReference; fileEncoding = 4; lastKnownFileType = sourcecode.swift; path = ESTabBar.swift; sourceTree = "<group>"; };
		B5CE80CB247F8F20001F1205 /* ESTabBarItemContainer.swift */ = {isa = PBXFileReference; fileEncoding = 4; lastKnownFileType = sourcecode.swift; path = ESTabBarItemContainer.swift; sourceTree = "<group>"; };
		DE1232EE24234FC29824D6AF /* Pods_YouTube.framework */ = {isa = PBXFileReference; explicitFileType = wrapper.framework; includeInIndex = 0; path = Pods_YouTube.framework; sourceTree = BUILT_PRODUCTS_DIR; };
/* End PBXFileReference section */

/* Begin PBXFrameworksBuildPhase section */
		B53E1A372473BAAD004BBED2 /* Frameworks */ = {
			isa = PBXFrameworksBuildPhase;
			buildActionMask = 2147483647;
			files = (
				B5AD5DC12486291600FF1B67 /* SystemConfiguration.framework in Frameworks */,
				B6D531887AB32232C9056337 /* Pods_YouTube.framework in Frameworks */,
			);
			runOnlyForDeploymentPostprocessing = 0;
		};
		B53E1A4D2473BAB0004BBED2 /* Frameworks */ = {
			isa = PBXFrameworksBuildPhase;
			buildActionMask = 2147483647;
			files = (
				35789E566AC84E1E4F13163E /* Pods_YouTubeTests.framework in Frameworks */,
			);
			runOnlyForDeploymentPostprocessing = 0;
		};
		B53E1A582473BAB0004BBED2 /* Frameworks */ = {
			isa = PBXFrameworksBuildPhase;
			buildActionMask = 2147483647;
			files = (
				7D33EFCAE880C7B55E002A68 /* Pods_YouTubeUITests.framework in Frameworks */,
			);
			runOnlyForDeploymentPostprocessing = 0;
		};
/* End PBXFrameworksBuildPhase section */

/* Begin PBXGroup section */
		7BF6BD79B9A5C2C890298C1F /* Pods */ = {
			isa = PBXGroup;
			children = (
				8DFDB97A37989A89D7A3A3C6 /* Pods-YouTube.debug.xcconfig */,
				72DA37173A7B46FF680A9EF3 /* Pods-YouTube.release.xcconfig */,
				0FFE6E21017B6AEB5F42A049 /* Pods-YouTubeTests.debug.xcconfig */,
				0A42354DA66AB9BB64AA211A /* Pods-YouTubeTests.release.xcconfig */,
				4F35F7A42C69EDD1702D825D /* Pods-YouTubeUITests.debug.xcconfig */,
				6FCE8095CF81E784155431E0 /* Pods-YouTubeUITests.release.xcconfig */,
			);
			path = Pods;
			sourceTree = "<group>";
		};
		9E9931F8CC15098F63B727E6 /* Frameworks */ = {
			isa = PBXGroup;
			children = (
				B5AD5DC02486291600FF1B67 /* SystemConfiguration.framework */,
				DE1232EE24234FC29824D6AF /* Pods_YouTube.framework */,
				3394E72C6A2C621EEF94A93C /* Pods_YouTubeTests.framework */,
				6AD8A0BFCA7FD7453909A399 /* Pods_YouTubeUITests.framework */,
			);
			name = Frameworks;
			sourceTree = "<group>";
		};
		B53E1A312473BAAD004BBED2 = {
			isa = PBXGroup;
			children = (
				B53E1A3C2473BAAD004BBED2 /* YouTube */,
				B53E1A532473BAB0004BBED2 /* YouTubeTests */,
				B53E1A5E2473BAB0004BBED2 /* YouTubeUITests */,
				B53E1A3B2473BAAD004BBED2 /* Products */,
				7BF6BD79B9A5C2C890298C1F /* Pods */,
				9E9931F8CC15098F63B727E6 /* Frameworks */,
			);
			sourceTree = "<group>";
		};
		B53E1A3B2473BAAD004BBED2 /* Products */ = {
			isa = PBXGroup;
			children = (
				B53E1A3A2473BAAD004BBED2 /* YouTube.app */,
				B53E1A502473BAB0004BBED2 /* YouTubeTests.xctest */,
				B53E1A5B2473BAB0004BBED2 /* YouTubeUITests.xctest */,
			);
			name = Products;
			sourceTree = "<group>";
		};
		B53E1A3C2473BAAD004BBED2 /* YouTube */ = {
			isa = PBXGroup;
			children = (
				B53E1A6D2473BAE7004BBED2 /* Class */,
				B53E1A432473BAAD004BBED2 /* Main.storyboard */,
				B53E1A482473BAAF004BBED2 /* LaunchScreen.storyboard */,
				B53E1A462473BAAF004BBED2 /* Assets.xcassets */,
				B53E1A4B2473BAAF004BBED2 /* Info.plist */,
				B53E1A3D2473BAAD004BBED2 /* AppDelegate.swift */,
				B53E1A412473BAAD004BBED2 /* ViewController.swift */,
				B5CE80BC247F65DC001F1205 /* YouTube-Bridging-Header.h */,
			);
			path = YouTube;
			sourceTree = "<group>";
		};
		B53E1A532473BAB0004BBED2 /* YouTubeTests */ = {
			isa = PBXGroup;
			children = (
				B53E1A542473BAB0004BBED2 /* YouTubeTests.swift */,
				B53E1A562473BAB0004BBED2 /* Info.plist */,
			);
			path = YouTubeTests;
			sourceTree = "<group>";
		};
		B53E1A5E2473BAB0004BBED2 /* YouTubeUITests */ = {
			isa = PBXGroup;
			children = (
				B53E1A5F2473BAB0004BBED2 /* YouTubeUITests.swift */,
				B53E1A612473BAB0004BBED2 /* Info.plist */,
			);
			path = YouTubeUITests;
			sourceTree = "<group>";
		};
		B53E1A6D2473BAE7004BBED2 /* Class */ = {
			isa = PBXGroup;
			children = (
				B56623DB247FB5B300B7F2DD /* Manager */,
				B53E1AA8247CB601004BBED2 /* Base */,
				B5CE7FFB247E3E40001F1205 /* ThirdParty */,
				B53E1AC2247CF806004BBED2 /* Model */,
				B53E1A6F2473BAE7004BBED2 /* Controller */,
				B53E1A742473BAE7004BBED2 /* Common */,
			);
			path = Class;
			sourceTree = "<group>";
		};
		B53E1A6F2473BAE7004BBED2 /* Controller */ = {
			isa = PBXGroup;
			children = (
				B53E1AB1247CC623004BBED2 /* Home */,
				B53E1AB5247CC623004BBED2 /* Trending */,
				B53E1AB3247CC623004BBED2 /* Subsciptions */,
				B53E1AB7247CC623004BBED2 /* Account */,
			);
			path = Controller;
			sourceTree = "<group>";
		};
		B53E1A742473BAE7004BBED2 /* Common */ = {
			isa = PBXGroup;
			children = (
				B56623E72480A96400B7F2DD /* Util.swift */,
				B5AD5DC624864F5000FF1B67 /* Constant.swift */,
				B56623E92480F64F00B7F2DD /* YTBDefine.swift */,
			);
			path = Common;
			sourceTree = "<group>";
		};
		B53E1AA8247CB601004BBED2 /* Base */ = {
			isa = PBXGroup;
			children = (
				B53E1AA9247CB601004BBED2 /* BaseViewController.swift */,
				B56623B4247FA94100B7F2DD /* BaseNavigationController.swift */,
				B53E1AAE247CC521004BBED2 /* TabBarController.swift */,
			);
			path = Base;
			sourceTree = "<group>";
		};
		B53E1AB1247CC623004BBED2 /* Home */ = {
			isa = PBXGroup;
			children = (
				B53E1AB2247CC623004BBED2 /* HomeViewController.swift */,
				B53E1ACA247D2DC0004BBED2 /* VedioDetailController.swift */,
				B505B5C12488C8CD00628BE6 /* CommentListViewController.swift */,
				B53E1AC7247D2400004BBED2 /* View */,
			);
			path = Home;
			sourceTree = "<group>";
		};
		B53E1AB3247CC623004BBED2 /* Subsciptions */ = {
			isa = PBXGroup;
			children = (
				B53E1AB4247CC623004BBED2 /* SubscriptionsViewController.swift */,
				B5CE7FBD247E1589001F1205 /* SubscripHeaderView.swift */,
			);
			path = Subsciptions;
			sourceTree = "<group>";
		};
		B53E1AB5247CC623004BBED2 /* Trending */ = {
			isa = PBXGroup;
			children = (
				B53E1AB6247CC623004BBED2 /* TrendingViewController.swift */,
				B5AD5DCA248774A600FF1B67 /* TrendingDetailViewController.swift */,
			);
			path = Trending;
			sourceTree = "<group>";
		};
		B53E1AB7247CC623004BBED2 /* Account */ = {
			isa = PBXGroup;
			children = (
				B53E1AB8247CC623004BBED2 /* AccountViewController.swift */,
				B53E1ABD247CC748004BBED2 /* View */,
			);
			path = Account;
			sourceTree = "<group>";
		};
		B53E1ABD247CC748004BBED2 /* View */ = {
			isa = PBXGroup;
			children = (
				B53E1ABE247CC764004BBED2 /* AccountHeaderView.swift */,
				B53E1AC0247CE83C004BBED2 /* AccountCell.swift */,
				B53E1AC5247D14C6004BBED2 /* AccountVedioInfoCell.swift */,
			);
			path = View;
			sourceTree = "<group>";
		};
		B53E1AC2247CF806004BBED2 /* Model */ = {
			isa = PBXGroup;
			children = (
				B53E1AC3247CF827004BBED2 /* AccountInfo.swift */,
				B5CE80AD247E63B3001F1205 /* VedioData.swift */,
				B56623EB2480FCA300B7F2DD /* ArticleData.swift */,
				B5AD5DC42486347A00FF1B67 /* ArticleModel.swift */,
			);
			path = Model;
			sourceTree = "<group>";
		};
		B53E1AC7247D2400004BBED2 /* View */ = {
			isa = PBXGroup;
			children = (
				B53E1AC8247D2450004BBED2 /* VedioCell.swift */,
				B5CE80AB247E61DE001F1205 /* VedioDetailHeaderView.swift */,
				B5CE80AF247E65ED001F1205 /* RecomandVedioCell.swift */,
				B505B5BF2488C89E00628BE6 /* CommentListCell.swift */,
			);
			path = View;
			sourceTree = "<group>";
		};
		B56623DB247FB5B300B7F2DD /* Manager */ = {
			isa = PBXGroup;
			children = (
				B56623DF247FB5EA00B7F2DD /* YTBManager.swift */,
				B56623E3247FB60A00B7F2DD /* HttpClient.swift */,
				B56623E1247FB5F900B7F2DD /* ModelManager.swift */,
				B5AD5DBE2486252800FF1B67 /* HostReach.swift */,
			);
			path = Manager;
			sourceTree = "<group>";
		};
		B58A521B247F92F20072F589 /* Content */ = {
			isa = PBXGroup;
			children = (
				B58A522A247FA5960072F589 /* BasicContentView.swift */,
				B58A522B247FA5960072F589 /* BouncesContentView.swift */,
			);
			path = Content;
			sourceTree = "<group>";
		};
		B5CE7FFB247E3E40001F1205 /* ThirdParty */ = {
			isa = PBXGroup;
			children = (
				B5CE80C4247F8F20001F1205 /* ESTabBar */,
			);
			path = ThirdParty;
			sourceTree = "<group>";
		};
		B5CE80C4247F8F20001F1205 /* ESTabBar */ = {
			isa = PBXGroup;
			children = (
				B58A521B247F92F20072F589 /* Content */,
				B5CE80C5247F8F20001F1205 /* ESTabBarItemMoreContentView.swift */,
				B5CE80C6247F8F20001F1205 /* ESTabBarController.swift */,
				B5CE80C7247F8F20001F1205 /* ESTabBarItemContentView.swift */,
				B5CE80C8247F8F20001F1205 /* ESTabBarItem.swift */,
				B5CE80C9247F8F20001F1205 /* ESTabBarItemBadgeView.swift */,
				B5CE80CA247F8F20001F1205 /* ESTabBar.swift */,
				B5CE80CB247F8F20001F1205 /* ESTabBarItemContainer.swift */,
			);
			path = ESTabBar;
			sourceTree = "<group>";
		};
/* End PBXGroup section */

/* Begin PBXNativeTarget section */
		B53E1A392473BAAD004BBED2 /* YouTube */ = {
			isa = PBXNativeTarget;
			buildConfigurationList = B53E1A642473BAB0004BBED2 /* Build configuration list for PBXNativeTarget "YouTube" */;
			buildPhases = (
				30CEB4FED6F20A01AFD98437 /* [CP] Check Pods Manifest.lock */,
				B53E1A362473BAAD004BBED2 /* Sources */,
				B53E1A372473BAAD004BBED2 /* Frameworks */,
				B53E1A382473BAAD004BBED2 /* Resources */,
				E9C369A28E61D2E7FBA86570 /* [CP] Embed Pods Frameworks */,
			);
			buildRules = (
			);
			dependencies = (
			);
			name = YouTube;
			productName = YouTube;
			productReference = B53E1A3A2473BAAD004BBED2 /* YouTube.app */;
			productType = "com.apple.product-type.application";
		};
		B53E1A4F2473BAB0004BBED2 /* YouTubeTests */ = {
			isa = PBXNativeTarget;
			buildConfigurationList = B53E1A672473BAB0004BBED2 /* Build configuration list for PBXNativeTarget "YouTubeTests" */;
			buildPhases = (
				7D5736428E725D9D6A826E74 /* [CP] Check Pods Manifest.lock */,
				B53E1A4C2473BAB0004BBED2 /* Sources */,
				B53E1A4D2473BAB0004BBED2 /* Frameworks */,
				B53E1A4E2473BAB0004BBED2 /* Resources */,
			);
			buildRules = (
			);
			dependencies = (
				B53E1A522473BAB0004BBED2 /* PBXTargetDependency */,
			);
			name = YouTubeTests;
			productName = YouTubeTests;
			productReference = B53E1A502473BAB0004BBED2 /* YouTubeTests.xctest */;
			productType = "com.apple.product-type.bundle.unit-test";
		};
		B53E1A5A2473BAB0004BBED2 /* YouTubeUITests */ = {
			isa = PBXNativeTarget;
			buildConfigurationList = B53E1A6A2473BAB0004BBED2 /* Build configuration list for PBXNativeTarget "YouTubeUITests" */;
			buildPhases = (
				6DBC7CD4B95BD47BAB53D30A /* [CP] Check Pods Manifest.lock */,
				B53E1A572473BAB0004BBED2 /* Sources */,
				B53E1A582473BAB0004BBED2 /* Frameworks */,
				B53E1A592473BAB0004BBED2 /* Resources */,
			);
			buildRules = (
			);
			dependencies = (
				B53E1A5D2473BAB0004BBED2 /* PBXTargetDependency */,
			);
			name = YouTubeUITests;
			productName = YouTubeUITests;
			productReference = B53E1A5B2473BAB0004BBED2 /* YouTubeUITests.xctest */;
			productType = "com.apple.product-type.bundle.ui-testing";
		};
/* End PBXNativeTarget section */

/* Begin PBXProject section */
		B53E1A322473BAAD004BBED2 /* Project object */ = {
			isa = PBXProject;
			attributes = {
				LastSwiftUpdateCheck = 1140;
				LastUpgradeCheck = 1140;
				ORGANIZATIONNAME = turbo;
				TargetAttributes = {
					B53E1A392473BAAD004BBED2 = {
						CreatedOnToolsVersion = 11.4;
						LastSwiftMigration = 1140;
					};
					B53E1A4F2473BAB0004BBED2 = {
						CreatedOnToolsVersion = 11.4;
						TestTargetID = B53E1A392473BAAD004BBED2;
					};
					B53E1A5A2473BAB0004BBED2 = {
						CreatedOnToolsVersion = 11.4;
						TestTargetID = B53E1A392473BAAD004BBED2;
					};
				};
			};
			buildConfigurationList = B53E1A352473BAAD004BBED2 /* Build configuration list for PBXProject "YouTube" */;
			compatibilityVersion = "Xcode 9.3";
			developmentRegion = en;
			hasScannedForEncodings = 0;
			knownRegions = (
				en,
				Base,
			);
			mainGroup = B53E1A312473BAAD004BBED2;
			productRefGroup = B53E1A3B2473BAAD004BBED2 /* Products */;
			projectDirPath = "";
			projectRoot = "";
			targets = (
				B53E1A392473BAAD004BBED2 /* YouTube */,
				B53E1A4F2473BAB0004BBED2 /* YouTubeTests */,
				B53E1A5A2473BAB0004BBED2 /* YouTubeUITests */,
			);
		};
/* End PBXProject section */

/* Begin PBXResourcesBuildPhase section */
		B53E1A382473BAAD004BBED2 /* Resources */ = {
			isa = PBXResourcesBuildPhase;
			buildActionMask = 2147483647;
			files = (
				B53E1A4A2473BAAF004BBED2 /* LaunchScreen.storyboard in Resources */,
				B53E1A472473BAAF004BBED2 /* Assets.xcassets in Resources */,
				B53E1A452473BAAD004BBED2 /* Main.storyboard in Resources */,
			);
			runOnlyForDeploymentPostprocessing = 0;
		};
		B53E1A4E2473BAB0004BBED2 /* Resources */ = {
			isa = PBXResourcesBuildPhase;
			buildActionMask = 2147483647;
			files = (
			);
			runOnlyForDeploymentPostprocessing = 0;
		};
		B53E1A592473BAB0004BBED2 /* Resources */ = {
			isa = PBXResourcesBuildPhase;
			buildActionMask = 2147483647;
			files = (
			);
			runOnlyForDeploymentPostprocessing = 0;
		};
/* End PBXResourcesBuildPhase section */

/* Begin PBXShellScriptBuildPhase section */
		30CEB4FED6F20A01AFD98437 /* [CP] Check Pods Manifest.lock */ = {
			isa = PBXShellScriptBuildPhase;
			buildActionMask = 2147483647;
			files = (
			);
			inputFileListPaths = (
			);
			inputPaths = (
				"${PODS_PODFILE_DIR_PATH}/Podfile.lock",
				"${PODS_ROOT}/Manifest.lock",
			);
			name = "[CP] Check Pods Manifest.lock";
			outputFileListPaths = (
			);
			outputPaths = (
				"$(DERIVED_FILE_DIR)/Pods-YouTube-checkManifestLockResult.txt",
			);
			runOnlyForDeploymentPostprocessing = 0;
			shellPath = /bin/sh;
			shellScript = "diff \"${PODS_PODFILE_DIR_PATH}/Podfile.lock\" \"${PODS_ROOT}/Manifest.lock\" > /dev/null\nif [ $? != 0 ] ; then\n    # print error to STDERR\n    echo \"error: The sandbox is not in sync with the Podfile.lock. Run 'pod install' or update your CocoaPods installation.\" >&2\n    exit 1\nfi\n# This output is used by Xcode 'outputs' to avoid re-running this script phase.\necho \"SUCCESS\" > \"${SCRIPT_OUTPUT_FILE_0}\"\n";
			showEnvVarsInLog = 0;
		};
		6DBC7CD4B95BD47BAB53D30A /* [CP] Check Pods Manifest.lock */ = {
			isa = PBXShellScriptBuildPhase;
			buildActionMask = 2147483647;
			files = (
			);
			inputFileListPaths = (
			);
			inputPaths = (
				"${PODS_PODFILE_DIR_PATH}/Podfile.lock",
				"${PODS_ROOT}/Manifest.lock",
			);
			name = "[CP] Check Pods Manifest.lock";
			outputFileListPaths = (
			);
			outputPaths = (
				"$(DERIVED_FILE_DIR)/Pods-YouTubeUITests-checkManifestLockResult.txt",
			);
			runOnlyForDeploymentPostprocessing = 0;
			shellPath = /bin/sh;
			shellScript = "diff \"${PODS_PODFILE_DIR_PATH}/Podfile.lock\" \"${PODS_ROOT}/Manifest.lock\" > /dev/null\nif [ $? != 0 ] ; then\n    # print error to STDERR\n    echo \"error: The sandbox is not in sync with the Podfile.lock. Run 'pod install' or update your CocoaPods installation.\" >&2\n    exit 1\nfi\n# This output is used by Xcode 'outputs' to avoid re-running this script phase.\necho \"SUCCESS\" > \"${SCRIPT_OUTPUT_FILE_0}\"\n";
			showEnvVarsInLog = 0;
		};
		7D5736428E725D9D6A826E74 /* [CP] Check Pods Manifest.lock */ = {
			isa = PBXShellScriptBuildPhase;
			buildActionMask = 2147483647;
			files = (
			);
			inputFileListPaths = (
			);
			inputPaths = (
				"${PODS_PODFILE_DIR_PATH}/Podfile.lock",
				"${PODS_ROOT}/Manifest.lock",
			);
			name = "[CP] Check Pods Manifest.lock";
			outputFileListPaths = (
			);
			outputPaths = (
				"$(DERIVED_FILE_DIR)/Pods-YouTubeTests-checkManifestLockResult.txt",
			);
			runOnlyForDeploymentPostprocessing = 0;
			shellPath = /bin/sh;
			shellScript = "diff \"${PODS_PODFILE_DIR_PATH}/Podfile.lock\" \"${PODS_ROOT}/Manifest.lock\" > /dev/null\nif [ $? != 0 ] ; then\n    # print error to STDERR\n    echo \"error: The sandbox is not in sync with the Podfile.lock. Run 'pod install' or update your CocoaPods installation.\" >&2\n    exit 1\nfi\n# This output is used by Xcode 'outputs' to avoid re-running this script phase.\necho \"SUCCESS\" > \"${SCRIPT_OUTPUT_FILE_0}\"\n";
			showEnvVarsInLog = 0;
		};
		E9C369A28E61D2E7FBA86570 /* [CP] Embed Pods Frameworks */ = {
			isa = PBXShellScriptBuildPhase;
			buildActionMask = 2147483647;
			files = (
			);
			inputFileListPaths = (
				"${PODS_ROOT}/Target Support Files/Pods-YouTube/Pods-YouTube-frameworks-${CONFIGURATION}-input-files.xcfilelist",
			);
			name = "[CP] Embed Pods Frameworks";
			outputFileListPaths = (
				"${PODS_ROOT}/Target Support Files/Pods-YouTube/Pods-YouTube-frameworks-${CONFIGURATION}-output-files.xcfilelist",
			);
			runOnlyForDeploymentPostprocessing = 0;
			shellPath = /bin/sh;
			shellScript = "\"${PODS_ROOT}/Target Support Files/Pods-YouTube/Pods-YouTube-frameworks.sh\"\n";
			showEnvVarsInLog = 0;
		};
/* End PBXShellScriptBuildPhase section */

/* Begin PBXSourcesBuildPhase section */
		B53E1A362473BAAD004BBED2 /* Sources */ = {
			isa = PBXSourcesBuildPhase;
			buildActionMask = 2147483647;
			files = (
				B53E1A422473BAAD004BBED2 /* ViewController.swift in Sources */,
				B53E1AC4247CF827004BBED2 /* AccountInfo.swift in Sources */,
				B5CE80D0247F8F20001F1205 /* ESTabBarItemBadgeView.swift in Sources */,
				B5CE80B0247E65ED001F1205 /* RecomandVedioCell.swift in Sources */,
				B5AD5DC52486347A00FF1B67 /* ArticleModel.swift in Sources */,
				B53E1ABC247CC623004BBED2 /* AccountViewController.swift in Sources */,
				B53E1ABB247CC623004BBED2 /* TrendingViewController.swift in Sources */,
				B53E1ACB247D2DC0004BBED2 /* VedioDetailController.swift in Sources */,
				B53E1AB0247CC521004BBED2 /* TabBarController.swift in Sources */,
				B5CE80CC247F8F20001F1205 /* ESTabBarItemMoreContentView.swift in Sources */,
				B5CE80AE247E63B3001F1205 /* VedioData.swift in Sources */,
				B53E1ABF247CC764004BBED2 /* AccountHeaderView.swift in Sources */,
				B5AD5DBF2486252800FF1B67 /* HostReach.swift in Sources */,
				B5CE80D2247F8F20001F1205 /* ESTabBarItemContainer.swift in Sources */,
				B56623E2247FB5F900B7F2DD /* ModelManager.swift in Sources */,
				B505B5C02488C89E00628BE6 /* CommentListCell.swift in Sources */,
				B53E1AC9247D2450004BBED2 /* VedioCell.swift in Sources */,
				B53E1AC1247CE83C004BBED2 /* AccountCell.swift in Sources */,
				B56623E4247FB60A00B7F2DD /* HttpClient.swift in Sources */,
				B53E1AAA247CB601004BBED2 /* BaseViewController.swift in Sources */,
				B53E1ABA247CC623004BBED2 /* SubscriptionsViewController.swift in Sources */,
				B56623EC2480FCA300B7F2DD /* ArticleData.swift in Sources */,
				B5CE80AC247E61DE001F1205 /* VedioDetailHeaderView.swift in Sources */,
				B56623E82480A96400B7F2DD /* Util.swift in Sources */,
				B5CE80CE247F8F20001F1205 /* ESTabBarItemContentView.swift in Sources */,
				B5CE80CF247F8F20001F1205 /* ESTabBarItem.swift in Sources */,
				B53E1AB9247CC623004BBED2 /* HomeViewController.swift in Sources */,
				B58A522D247FA5960072F589 /* BouncesContentView.swift in Sources */,
				B5AD5DC724864F5000FF1B67 /* Constant.swift in Sources */,
				B5CE80D1247F8F20001F1205 /* ESTabBar.swift in Sources */,
				B53E1A3E2473BAAD004BBED2 /* AppDelegate.swift in Sources */,
				B53E1AC6247D14C6004BBED2 /* AccountVedioInfoCell.swift in Sources */,
				B505B5C22488C8CD00628BE6 /* CommentListViewController.swift in Sources */,
				B56623EA2480F64F00B7F2DD /* YTBDefine.swift in Sources */,
				B5AD5DCB248774A600FF1B67 /* TrendingDetailViewController.swift in Sources */,
				B58A522C247FA5960072F589 /* BasicContentView.swift in Sources */,
				B5CE7FBE247E1589001F1205 /* SubscripHeaderView.swift in Sources */,
				B5CE80CD247F8F20001F1205 /* ESTabBarController.swift in Sources */,
				B56623B5247FA94100B7F2DD /* BaseNavigationController.swift in Sources */,
				B56623E0247FB5EA00B7F2DD /* YTBManager.swift in Sources */,
			);
			runOnlyForDeploymentPostprocessing = 0;
		};
		B53E1A4C2473BAB0004BBED2 /* Sources */ = {
			isa = PBXSourcesBuildPhase;
			buildActionMask = 2147483647;
			files = (
				B53E1A552473BAB0004BBED2 /* YouTubeTests.swift in Sources */,
			);
			runOnlyForDeploymentPostprocessing = 0;
		};
		B53E1A572473BAB0004BBED2 /* Sources */ = {
			isa = PBXSourcesBuildPhase;
			buildActionMask = 2147483647;
			files = (
				B53E1A602473BAB0004BBED2 /* YouTubeUITests.swift in Sources */,
			);
			runOnlyForDeploymentPostprocessing = 0;
		};
/* End PBXSourcesBuildPhase section */

/* Begin PBXTargetDependency section */
		B53E1A522473BAB0004BBED2 /* PBXTargetDependency */ = {
			isa = PBXTargetDependency;
			target = B53E1A392473BAAD004BBED2 /* YouTube */;
			targetProxy = B53E1A512473BAB0004BBED2 /* PBXContainerItemProxy */;
		};
		B53E1A5D2473BAB0004BBED2 /* PBXTargetDependency */ = {
			isa = PBXTargetDependency;
			target = B53E1A392473BAAD004BBED2 /* YouTube */;
			targetProxy = B53E1A5C2473BAB0004BBED2 /* PBXContainerItemProxy */;
		};
/* End PBXTargetDependency section */

/* Begin PBXVariantGroup section */
		B53E1A432473BAAD004BBED2 /* Main.storyboard */ = {
			isa = PBXVariantGroup;
			children = (
				B53E1A442473BAAD004BBED2 /* Base */,
			);
			name = Main.storyboard;
			sourceTree = "<group>";
		};
		B53E1A482473BAAF004BBED2 /* LaunchScreen.storyboard */ = {
			isa = PBXVariantGroup;
			children = (
				B53E1A492473BAAF004BBED2 /* Base */,
			);
			name = LaunchScreen.storyboard;
			sourceTree = "<group>";
		};
/* End PBXVariantGroup section */

/* Begin XCBuildConfiguration section */
		B53E1A622473BAB0004BBED2 /* Debug */ = {
			isa = XCBuildConfiguration;
			buildSettings = {
				ALWAYS_SEARCH_USER_PATHS = NO;
				CLANG_ANALYZER_NONNULL = YES;
				CLANG_ANALYZER_NUMBER_OBJECT_CONVERSION = YES_AGGRESSIVE;
				CLANG_CXX_LANGUAGE_STANDARD = "gnu++14";
				CLANG_CXX_LIBRARY = "libc++";
				CLANG_ENABLE_MODULES = YES;
				CLANG_ENABLE_OBJC_ARC = YES;
				CLANG_ENABLE_OBJC_WEAK = YES;
				CLANG_WARN_BLOCK_CAPTURE_AUTORELEASING = YES;
				CLANG_WARN_BOOL_CONVERSION = YES;
				CLANG_WARN_COMMA = YES;
				CLANG_WARN_CONSTANT_CONVERSION = YES;
				CLANG_WARN_DEPRECATED_OBJC_IMPLEMENTATIONS = YES;
				CLANG_WARN_DIRECT_OBJC_ISA_USAGE = YES_ERROR;
				CLANG_WARN_DOCUMENTATION_COMMENTS = YES;
				CLANG_WARN_EMPTY_BODY = YES;
				CLANG_WARN_ENUM_CONVERSION = YES;
				CLANG_WARN_INFINITE_RECURSION = YES;
				CLANG_WARN_INT_CONVERSION = YES;
				CLANG_WARN_NON_LITERAL_NULL_CONVERSION = YES;
				CLANG_WARN_OBJC_IMPLICIT_RETAIN_SELF = YES;
				CLANG_WARN_OBJC_LITERAL_CONVERSION = YES;
				CLANG_WARN_OBJC_ROOT_CLASS = YES_ERROR;
				CLANG_WARN_RANGE_LOOP_ANALYSIS = YES;
				CLANG_WARN_STRICT_PROTOTYPES = YES;
				CLANG_WARN_SUSPICIOUS_MOVE = YES;
				CLANG_WARN_UNGUARDED_AVAILABILITY = YES_AGGRESSIVE;
				CLANG_WARN_UNREACHABLE_CODE = YES;
				CLANG_WARN__DUPLICATE_METHOD_MATCH = YES;
				COPY_PHASE_STRIP = NO;
				DEBUG_INFORMATION_FORMAT = dwarf;
				ENABLE_STRICT_OBJC_MSGSEND = YES;
				ENABLE_TESTABILITY = YES;
				GCC_C_LANGUAGE_STANDARD = gnu11;
				GCC_DYNAMIC_NO_PIC = NO;
				GCC_NO_COMMON_BLOCKS = YES;
				GCC_OPTIMIZATION_LEVEL = 0;
				GCC_PREPROCESSOR_DEFINITIONS = (
					"DEBUG=1",
					"$(inherited)",
				);
				GCC_WARN_64_TO_32_BIT_CONVERSION = YES;
				GCC_WARN_ABOUT_RETURN_TYPE = YES_ERROR;
				GCC_WARN_UNDECLARED_SELECTOR = YES;
				GCC_WARN_UNINITIALIZED_AUTOS = YES_AGGRESSIVE;
				GCC_WARN_UNUSED_FUNCTION = YES;
				GCC_WARN_UNUSED_VARIABLE = YES;
				IPHONEOS_DEPLOYMENT_TARGET = 13.4;
				MTL_ENABLE_DEBUG_INFO = INCLUDE_SOURCE;
				MTL_FAST_MATH = YES;
				ONLY_ACTIVE_ARCH = YES;
				SDKROOT = iphoneos;
				SWIFT_ACTIVE_COMPILATION_CONDITIONS = DEBUG;
				SWIFT_OPTIMIZATION_LEVEL = "-Onone";
			};
			name = Debug;
		};
		B53E1A632473BAB0004BBED2 /* Release */ = {
			isa = XCBuildConfiguration;
			buildSettings = {
				ALWAYS_SEARCH_USER_PATHS = NO;
				CLANG_ANALYZER_NONNULL = YES;
				CLANG_ANALYZER_NUMBER_OBJECT_CONVERSION = YES_AGGRESSIVE;
				CLANG_CXX_LANGUAGE_STANDARD = "gnu++14";
				CLANG_CXX_LIBRARY = "libc++";
				CLANG_ENABLE_MODULES = YES;
				CLANG_ENABLE_OBJC_ARC = YES;
				CLANG_ENABLE_OBJC_WEAK = YES;
				CLANG_WARN_BLOCK_CAPTURE_AUTORELEASING = YES;
				CLANG_WARN_BOOL_CONVERSION = YES;
				CLANG_WARN_COMMA = YES;
				CLANG_WARN_CONSTANT_CONVERSION = YES;
				CLANG_WARN_DEPRECATED_OBJC_IMPLEMENTATIONS = YES;
				CLANG_WARN_DIRECT_OBJC_ISA_USAGE = YES_ERROR;
				CLANG_WARN_DOCUMENTATION_COMMENTS = YES;
				CLANG_WARN_EMPTY_BODY = YES;
				CLANG_WARN_ENUM_CONVERSION = YES;
				CLANG_WARN_INFINITE_RECURSION = YES;
				CLANG_WARN_INT_CONVERSION = YES;
				CLANG_WARN_NON_LITERAL_NULL_CONVERSION = YES;
				CLANG_WARN_OBJC_IMPLICIT_RETAIN_SELF = YES;
				CLANG_WARN_OBJC_LITERAL_CONVERSION = YES;
				CLANG_WARN_OBJC_ROOT_CLASS = YES_ERROR;
				CLANG_WARN_RANGE_LOOP_ANALYSIS = YES;
				CLANG_WARN_STRICT_PROTOTYPES = YES;
				CLANG_WARN_SUSPICIOUS_MOVE = YES;
				CLANG_WARN_UNGUARDED_AVAILABILITY = YES_AGGRESSIVE;
				CLANG_WARN_UNREACHABLE_CODE = YES;
				CLANG_WARN__DUPLICATE_METHOD_MATCH = YES;
				COPY_PHASE_STRIP = NO;
				DEBUG_INFORMATION_FORMAT = "dwarf-with-dsym";
				ENABLE_NS_ASSERTIONS = NO;
				ENABLE_STRICT_OBJC_MSGSEND = YES;
				GCC_C_LANGUAGE_STANDARD = gnu11;
				GCC_NO_COMMON_BLOCKS = YES;
				GCC_WARN_64_TO_32_BIT_CONVERSION = YES;
				GCC_WARN_ABOUT_RETURN_TYPE = YES_ERROR;
				GCC_WARN_UNDECLARED_SELECTOR = YES;
				GCC_WARN_UNINITIALIZED_AUTOS = YES_AGGRESSIVE;
				GCC_WARN_UNUSED_FUNCTION = YES;
				GCC_WARN_UNUSED_VARIABLE = YES;
				IPHONEOS_DEPLOYMENT_TARGET = 13.4;
				MTL_ENABLE_DEBUG_INFO = NO;
				MTL_FAST_MATH = YES;
				SDKROOT = iphoneos;
				SWIFT_COMPILATION_MODE = wholemodule;
				SWIFT_OPTIMIZATION_LEVEL = "-O";
				VALIDATE_PRODUCT = YES;
			};
			name = Release;
		};
		B53E1A652473BAB0004BBED2 /* Debug */ = {
			isa = XCBuildConfiguration;
			baseConfigurationReference = 8DFDB97A37989A89D7A3A3C6 /* Pods-YouTube.debug.xcconfig */;
			buildSettings = {
				ASSETCATALOG_COMPILER_APPICON_NAME = AppIcon;
				CLANG_ENABLE_MODULES = YES;
				CODE_SIGN_STYLE = Automatic;
				DEVELOPMENT_TEAM = P6D5U7VM96;
				INFOPLIST_FILE = YouTube/Info.plist;
				LD_RUNPATH_SEARCH_PATHS = (
					"$(inherited)",
					"@executable_path/Frameworks",
				);
				PRODUCT_BUNDLE_IDENTIFIER = com.turbo.YouTube;
				PRODUCT_NAME = "$(TARGET_NAME)";
				SWIFT_OBJC_BRIDGING_HEADER = "YouTube/YouTube-Bridging-Header.h";
				SWIFT_OPTIMIZATION_LEVEL = "-Onone";
				SWIFT_VERSION = 4.2;
				TARGETED_DEVICE_FAMILY = 1;
			};
			name = Debug;
		};
		B53E1A662473BAB0004BBED2 /* Release */ = {
			isa = XCBuildConfiguration;
			baseConfigurationReference = 72DA37173A7B46FF680A9EF3 /* Pods-YouTube.release.xcconfig */;
			buildSettings = {
				ASSETCATALOG_COMPILER_APPICON_NAME = AppIcon;
				CLANG_ENABLE_MODULES = YES;
				CODE_SIGN_STYLE = Automatic;
				DEVELOPMENT_TEAM = P6D5U7VM96;
				INFOPLIST_FILE = YouTube/Info.plist;
				LD_RUNPATH_SEARCH_PATHS = (
					"$(inherited)",
					"@executable_path/Frameworks",
				);
				PRODUCT_BUNDLE_IDENTIFIER = com.turbo.YouTube;
				PRODUCT_NAME = "$(TARGET_NAME)";
				SWIFT_OBJC_BRIDGING_HEADER = "YouTube/YouTube-Bridging-Header.h";
				SWIFT_VERSION = 4.2;
				TARGETED_DEVICE_FAMILY = 1;
			};
			name = Release;
		};
		B53E1A682473BAB0004BBED2 /* Debug */ = {
			isa = XCBuildConfiguration;
			baseConfigurationReference = 0FFE6E21017B6AEB5F42A049 /* Pods-YouTubeTests.debug.xcconfig */;
			buildSettings = {
				ALWAYS_EMBED_SWIFT_STANDARD_LIBRARIES = YES;
				BUNDLE_LOADER = "$(TEST_HOST)";
				CODE_SIGN_STYLE = Automatic;
				DEVELOPMENT_TEAM = P6D5U7VM96;
				INFOPLIST_FILE = YouTubeTests/Info.plist;
				IPHONEOS_DEPLOYMENT_TARGET = 13.4;
				LD_RUNPATH_SEARCH_PATHS = (
					"$(inherited)",
					"@executable_path/Frameworks",
					"@loader_path/Frameworks",
				);
				PRODUCT_BUNDLE_IDENTIFIER = turbo.YouTubeTests;
				PRODUCT_NAME = "$(TARGET_NAME)";
				SWIFT_VERSION = 5.0;
				TARGETED_DEVICE_FAMILY = "1,2";
				TEST_HOST = "$(BUILT_PRODUCTS_DIR)/YouTube.app/YouTube";
			};
			name = Debug;
		};
		B53E1A692473BAB0004BBED2 /* Release */ = {
			isa = XCBuildConfiguration;
			baseConfigurationReference = 0A42354DA66AB9BB64AA211A /* Pods-YouTubeTests.release.xcconfig */;
			buildSettings = {
				ALWAYS_EMBED_SWIFT_STANDARD_LIBRARIES = YES;
				BUNDLE_LOADER = "$(TEST_HOST)";
				CODE_SIGN_STYLE = Automatic;
				DEVELOPMENT_TEAM = P6D5U7VM96;
				INFOPLIST_FILE = YouTubeTests/Info.plist;
				IPHONEOS_DEPLOYMENT_TARGET = 13.4;
				LD_RUNPATH_SEARCH_PATHS = (
					"$(inherited)",
					"@executable_path/Frameworks",
					"@loader_path/Frameworks",
				);
				PRODUCT_BUNDLE_IDENTIFIER = turbo.YouTubeTests;
				PRODUCT_NAME = "$(TARGET_NAME)";
				SWIFT_VERSION = 5.0;
				TARGETED_DEVICE_FAMILY = "1,2";
				TEST_HOST = "$(BUILT_PRODUCTS_DIR)/YouTube.app/YouTube";
			};
			name = Release;
		};
		B53E1A6B2473BAB0004BBED2 /* Debug */ = {
			isa = XCBuildConfiguration;
			baseConfigurationReference = 4F35F7A42C69EDD1702D825D /* Pods-YouTubeUITests.debug.xcconfig */;
			buildSettings = {
				ALWAYS_EMBED_SWIFT_STANDARD_LIBRARIES = YES;
				CODE_SIGN_STYLE = Automatic;
				DEVELOPMENT_TEAM = P6D5U7VM96;
				INFOPLIST_FILE = YouTubeUITests/Info.plist;
				LD_RUNPATH_SEARCH_PATHS = (
					"$(inherited)",
					"@executable_path/Frameworks",
					"@loader_path/Frameworks",
				);
				PRODUCT_BUNDLE_IDENTIFIER = turbo.YouTubeUITests;
				PRODUCT_NAME = "$(TARGET_NAME)";
				SWIFT_VERSION = 5.0;
				TARGETED_DEVICE_FAMILY = "1,2";
				TEST_TARGET_NAME = YouTube;
			};
			name = Debug;
		};
		B53E1A6C2473BAB0004BBED2 /* Release */ = {
			isa = XCBuildConfiguration;
			baseConfigurationReference = 6FCE8095CF81E784155431E0 /* Pods-YouTubeUITests.release.xcconfig */;
			buildSettings = {
				ALWAYS_EMBED_SWIFT_STANDARD_LIBRARIES = YES;
				CODE_SIGN_STYLE = Automatic;
				DEVELOPMENT_TEAM = P6D5U7VM96;
				INFOPLIST_FILE = YouTubeUITests/Info.plist;
				LD_RUNPATH_SEARCH_PATHS = (
					"$(inherited)",
					"@executable_path/Frameworks",
					"@loader_path/Frameworks",
				);
				PRODUCT_BUNDLE_IDENTIFIER = turbo.YouTubeUITests;
				PRODUCT_NAME = "$(TARGET_NAME)";
				SWIFT_VERSION = 5.0;
				TARGETED_DEVICE_FAMILY = "1,2";
				TEST_TARGET_NAME = YouTube;
			};
			name = Release;
		};
/* End XCBuildConfiguration section */

/* Begin XCConfigurationList section */
		B53E1A352473BAAD004BBED2 /* Build configuration list for PBXProject "YouTube" */ = {
			isa = XCConfigurationList;
			buildConfigurations = (
				B53E1A622473BAB0004BBED2 /* Debug */,
				B53E1A632473BAB0004BBED2 /* Release */,
			);
			defaultConfigurationIsVisible = 0;
			defaultConfigurationName = Release;
		};
		B53E1A642473BAB0004BBED2 /* Build configuration list for PBXNativeTarget "YouTube" */ = {
			isa = XCConfigurationList;
			buildConfigurations = (
				B53E1A652473BAB0004BBED2 /* Debug */,
				B53E1A662473BAB0004BBED2 /* Release */,
			);
			defaultConfigurationIsVisible = 0;
			defaultConfigurationName = Release;
		};
		B53E1A672473BAB0004BBED2 /* Build configuration list for PBXNativeTarget "YouTubeTests" */ = {
			isa = XCConfigurationList;
			buildConfigurations = (
				B53E1A682473BAB0004BBED2 /* Debug */,
				B53E1A692473BAB0004BBED2 /* Release */,
			);
			defaultConfigurationIsVisible = 0;
			defaultConfigurationName = Release;
		};
		B53E1A6A2473BAB0004BBED2 /* Build configuration list for PBXNativeTarget "YouTubeUITests" */ = {
			isa = XCConfigurationList;
			buildConfigurations = (
				B53E1A6B2473BAB0004BBED2 /* Debug */,
				B53E1A6C2473BAB0004BBED2 /* Release */,
			);
			defaultConfigurationIsVisible = 0;
			defaultConfigurationName = Release;
		};
/* End XCConfigurationList section */
	};
	rootObject = B53E1A322473BAAD004BBED2 /* Project object */;
}
